
Microsoft Visual Studio Solution File, Format Version 12.00
# Visual Studio Version 16
VisualStudioVersion = 16.0.30804.86
MinimumVisualStudioVersion = 10.0.40219.1
Project("{FAE04EC0-301F-11D3-BF4B-00C04F79EFBC}") = "LibraryList", "LibraryList\LibraryList.csproj", "{EE4B1EF8-482C-45E5-97A0-9E796D8FADC3}"
EndProject
Project("{FAE04EC0-301F-11D3-BF4B-00C04F79EFBC}") = "ProverkaLibrary", "ProverkaLibrary\ProverkaLibrary.csproj", "{81AB0D5C-E409-449A-B30A-9081B9614C2A}"
EndProject
Global
	GlobalSection(SolutionConfigurationPlatforms) = preSolution
		Debug|Any CPU = Debug|Any CPU
		Release|Any CPU = Release|Any CPU
	EndGlobalSection
	GlobalSection(ProjectConfigurationPlatforms) = postSolution
		{EE4B1EF8-482C-45E5-97A0-9E796D8FADC3}.Debug|Any CPU.ActiveCfg = Debug|Any CPU
		{EE4B1EF8-482C-45E5-97A0-9E796D8FADC3}.Debug|Any CPU.Build.0 = Debug|Any CPU
		{EE4B1EF8-482C-45E5-97A0-9E796D8FADC3}.Release|Any CPU.ActiveCfg = Release|Any CPU
		{EE4B1EF8-482C-45E5-97A0-9E796D8FADC3}.Release|Any CPU.Build.0 = Release|Any CPU
		{81AB0D5C-E409-449A-B30A-9081B9614C2A}.Debug|Any CPU.ActiveCfg = Debug|Any CPU
		{81AB0D5C-E409-449A-B30A-9081B9614C2A}.Debug|Any CPU.Build.0 = Debug|Any CPU
		{81AB0D5C-E409-449A-B30A-9081B9614C2A}.Release|Any CPU.ActiveCfg = Release|Any CPU
		{81AB0D5C-E409-449A-B30A-9081B9614C2A}.Release|Any CPU.Build.0 = Release|Any CPU
	EndGlobalSection
	GlobalSection(SolutionProperties) = preSolution
		HideSolutionNode = FALSE
	EndGlobalSection
	GlobalSection(ExtensibilityGlobals) = postSolution
		SolutionGuid = {83A340D9-4FC6-444A-9761-6E73F7745580}
	EndGlobalSection
EndGlobal
